
Microsoft Visual Studio Solution File, Format Version 12.00
# Visual Studio Version 17
VisualStudioVersion = 17.13.35931.197
MinimumVisualStudioVersion = 10.0.40219.1
Project("{FAE04EC0-301F-11D3-BF4B-00C04F79EFBC}") = "ProyectoBase", "ProyectoBase.csproj", "{8A20533E-16D3-46C7-AF1C-3CB6E34F79F3}"
EndProject
Project("{FAE04EC0-301F-11D3-BF4B-00C04F79EFBC}") = "ProyectoBase.Tests", "..\ProyectoBase.Tests\ProyectoBase.Tests.csproj", "{DE03893D-40A6-4786-B27B-2B9618D93AB1}"
EndProject
Global
	GlobalSection(SolutionConfigurationPlatforms) = preSolution
		Debug|Any CPU = Debug|Any CPU
		Release|Any CPU = Release|Any CPU
	EndGlobalSection
	GlobalSection(ProjectConfigurationPlatforms) = postSolution
		{8A20533E-16D3-46C7-AF1C-3CB6E34F79F3}.Debug|Any CPU.ActiveCfg = Debug|Any CPU
		{8A20533E-16D3-46C7-AF1C-3CB6E34F79F3}.Debug|Any CPU.Build.0 = Debug|Any CPU
		{8A20533E-16D3-46C7-AF1C-3CB6E34F79F3}.Release|Any CPU.ActiveCfg = Release|Any CPU
		{8A20533E-16D3-46C7-AF1C-3CB6E34F79F3}.Release|Any CPU.Build.0 = Release|Any CPU
		{DE03893D-40A6-4786-B27B-2B9618D93AB1}.Debug|Any CPU.ActiveCfg = Debug|Any CPU
		{DE03893D-40A6-4786-B27B-2B9618D93AB1}.Debug|Any CPU.Build.0 = Debug|Any CPU
		{DE03893D-40A6-4786-B27B-2B9618D93AB1}.Release|Any CPU.ActiveCfg = Release|Any CPU
		{DE03893D-40A6-4786-B27B-2B9618D93AB1}.Release|Any CPU.Build.0 = Release|Any CPU
	EndGlobalSection
	GlobalSection(SolutionProperties) = preSolution
		HideSolutionNode = FALSE
	EndGlobalSection
	GlobalSection(ExtensibilityGlobals) = postSolution
		SolutionGuid = {B4A1870C-A5FC-4A24-9A37-8ECC5D60916C}
	EndGlobalSection
EndGlobal
